# Generated by pub
# See http://pub.dartlang.org/doc/glossary.html#lockfile
packages:
  browser:
    description: browser
    source: hosted
    version: "0.10.0+2"
  match3:
    description: match3
    source: hosted
    version: "0.0.1"
  play_phaser:
    description: play_phaser
    source: hosted
    version: "0.10.2"
  play_pixi:
    description: play_pixi
    source: hosted
    version: "0.10.2"
  rikulo_gap:
    description: rikulo_gap
    source: hosted
    version: "0.6.0"
